// !$*UTF8*$!
{
	archiveVersion = 1;
	classes = {
	};
	objectVersion = 56;
	objects = {

/* Begin PBXBuildFile section */
		8D00A3122ABCA56F00566008 /* AppDelegate.swift in Sources */ = {isa = PBXBuildFile; fileRef = 8D00A3112ABCA56F00566008 /* AppDelegate.swift */; };
		8D00A3142ABCA56F00566008 /* SceneDelegate.swift in Sources */ = {isa = PBXBuildFile; fileRef = 8D00A3132ABCA56F00566008 /* SceneDelegate.swift */; };
		8D00A3162ABCA56F00566008 /* ViewController.swift in Sources */ = {isa = PBXBuildFile; fileRef = 8D00A3152ABCA56F00566008 /* ViewController.swift */; };
		8D00A3192ABCA56F00566008 /* Main.storyboard in Resources */ = {isa = PBXBuildFile; fileRef = 8D00A3172ABCA56F00566008 /* Main.storyboard */; };
		8D00A31B2ABCA57100566008 /* Assets.xcassets in Resources */ = {isa = PBXBuildFile; fileRef = 8D00A31A2ABCA57100566008 /* Assets.xcassets */; };
		8D00A31E2ABCA57100566008 /* LaunchScreen.storyboard in Resources */ = {isa = PBXBuildFile; fileRef = 8D00A31C2ABCA57100566008 /* LaunchScreen.storyboard */; };
		8D1620262AC3480300823B5E /* Icons.xcassets in Resources */ = {isa = PBXBuildFile; fileRef = 8D1620252AC3480300823B5E /* Icons.xcassets */; };
		8DAC25B52AC2094E000C6C04 /* Guiton Sketch.mp3 in Resources */ = {isa = PBXBuildFile; fileRef = 8DAC25B42AC2094E000C6C04 /* Guiton Sketch.mp3 */; };
		8DAC25B72AC20966000C6C04 /* cartoon_success_fanfair 1.mp3 in Resources */ = {isa = PBXBuildFile; fileRef = 8DAC25B62AC20966000C6C04 /* cartoon_success_fanfair 1.mp3 */; };
		8DAC25B92AC2097B000C6C04 /* predited.mp3 in Resources */ = {isa = PBXBuildFile; fileRef = 8DAC25B82AC2097B000C6C04 /* predited.mp3 */; };
		8DAC25BB2AC20988000C6C04 /* 351566__bertrof__game-sound-correct-organic-violin.mp3 in Resources */ = {isa = PBXBuildFile; fileRef = 8DAC25BA2AC20988000C6C04 /* 351566__bertrof__game-sound-correct-organic-violin.mp3 */; };
		8DAC25BD2AC2099B000C6C04 /* 351565__bertrof__game-sound-incorrect-organic-violin.mp3 in Resources */ = {isa = PBXBuildFile; fileRef = 8DAC25BC2AC2099B000C6C04 /* 351565__bertrof__game-sound-incorrect-organic-violin.mp3 */; };
		8DAC25C12AC20D89000C6C04 /* StartMenuScene.swift in Sources */ = {isa = PBXBuildFile; fileRef = 8DAC25C02AC20D89000C6C04 /* StartMenuScene.swift */; };
		8DAC25C32AC20E2F000C6C04 /* StartMenuMethods.swift in Sources */ = {isa = PBXBuildFile; fileRef = 8DAC25C22AC20E2F000C6C04 /* StartMenuMethods.swift */; };
		8DAC25C72AC21750000C6C04 /* AlphabeticGameScene.swift in Sources */ = {isa = PBXBuildFile; fileRef = 8DAC25C62AC21750000C6C04 /* AlphabeticGameScene.swift */; };
		8DAC25C92AC21BCB000C6C04 /* GameSceneObjects.swift in Sources */ = {isa = PBXBuildFile; fileRef = 8DAC25C82AC21BCB000C6C04 /* GameSceneObjects.swift */; };
		8DAC25CB2AC21E9E000C6C04 /* BezierPathsForMapNodesAndRectangles.swift in Sources */ = {isa = PBXBuildFile; fileRef = 8DAC25CA2AC21E9E000C6C04 /* BezierPathsForMapNodesAndRectangles.swift */; };
		8DAC25CD2AC228BE000C6C04 /* InitSetMapNodes.swift in Sources */ = {isa = PBXBuildFile; fileRef = 8DAC25CC2AC228BE000C6C04 /* InitSetMapNodes.swift */; };
		8DAC25CF2AC230F7000C6C04 /* GameOverScene.swift in Sources */ = {isa = PBXBuildFile; fileRef = 8DAC25CE2AC230F7000C6C04 /* GameOverScene.swift */; };
		8DAC25D12AC231D6000C6C04 /* GameOverObjects.swift in Sources */ = {isa = PBXBuildFile; fileRef = 8DAC25D02AC231D6000C6C04 /* GameOverObjects.swift */; };
		8DAC25D32AC3261C000C6C04 /* RandomGameScene.swift in Sources */ = {isa = PBXBuildFile; fileRef = 8DAC25D22AC3261C000C6C04 /* RandomGameScene.swift */; };
		8DAC25D52AC32888000C6C04 /* PracticeAlphabeticGameScene.swift in Sources */ = {isa = PBXBuildFile; fileRef = 8DAC25D42AC32888000C6C04 /* PracticeAlphabeticGameScene.swift */; };
		8DAC25D72AC32AB8000C6C04 /* PracticeRandomGameScene.swift in Sources */ = {isa = PBXBuildFile; fileRef = 8DAC25D62AC32AB8000C6C04 /* PracticeRandomGameScene.swift */; };
/* End PBXBuildFile section */

/* Begin PBXFileReference section */
		8D00A30E2ABCA56F00566008 /* Mapaclick.app */ = {isa = PBXFileReference; explicitFileType = wrapper.application; includeInIndex = 0; path = Mapaclick.app; sourceTree = BUILT_PRODUCTS_DIR; };
		8D00A3112ABCA56F00566008 /* AppDelegate.swift */ = {isa = PBXFileReference; lastKnownFileType = sourcecode.swift; path = AppDelegate.swift; sourceTree = "<group>"; };
		8D00A3132ABCA56F00566008 /* SceneDelegate.swift */ = {isa = PBXFileReference; lastKnownFileType = sourcecode.swift; path = SceneDelegate.swift; sourceTree = "<group>"; };
		8D00A3152ABCA56F00566008 /* ViewController.swift */ = {isa = PBXFileReference; lastKnownFileType = sourcecode.swift; path = ViewController.swift; sourceTree = "<group>"; };
		8D00A3182ABCA56F00566008 /* Base */ = {isa = PBXFileReference; lastKnownFileType = file.storyboard; name = Base; path = Base.lproj/Main.storyboard; sourceTree = "<group>"; };
		8D00A31A2ABCA57100566008 /* Assets.xcassets */ = {isa = PBXFileReference; lastKnownFileType = folder.assetcatalog; path = Assets.xcassets; sourceTree = "<group>"; };
		8D00A31D2ABCA57100566008 /* Base */ = {isa = PBXFileReference; lastKnownFileType = file.storyboard; name = Base; path = Base.lproj/LaunchScreen.storyboard; sourceTree = "<group>"; };
		8D00A31F2ABCA57100566008 /* Info.plist */ = {isa = PBXFileReference; lastKnownFileType = text.plist.xml; path = Info.plist; sourceTree = "<group>"; };
		8D1620252AC3480300823B5E /* Icons.xcassets */ = {isa = PBXFileReference; lastKnownFileType = folder.assetcatalog; name = Icons.xcassets; path = ../../test_grounds/test_grounds/Icons.xcassets; sourceTree = "<group>"; };
		8DAC25B42AC2094E000C6C04 /* Guiton Sketch.mp3 */ = {isa = PBXFileReference; lastKnownFileType = audio.mp3; name = "Guiton Sketch.mp3"; path = "../../test_grounds/test_grounds/Guiton Sketch.mp3"; sourceTree = "<group>"; };
		8DAC25B62AC20966000C6C04 /* cartoon_success_fanfair 1.mp3 */ = {isa = PBXFileReference; lastKnownFileType = audio.mp3; name = "cartoon_success_fanfair 1.mp3"; path = "../../test_grounds/test_grounds/cartoon_success_fanfair 1.mp3"; sourceTree = "<group>"; };
		8DAC25B82AC2097B000C6C04 /* predited.mp3 */ = {isa = PBXFileReference; lastKnownFileType = audio.mp3; name = predited.mp3; path = ../../test_grounds/test_grounds/predited.mp3; sourceTree = "<group>"; };
		8DAC25BA2AC20988000C6C04 /* 351566__bertrof__game-sound-correct-organic-violin.mp3 */ = {isa = PBXFileReference; lastKnownFileType = audio.mp3; name = "351566__bertrof__game-sound-correct-organic-violin.mp3"; path = "../../test_grounds/test_grounds/351566__bertrof__game-sound-correct-organic-violin.mp3"; sourceTree = "<group>"; };
		8DAC25BC2AC2099B000C6C04 /* 351565__bertrof__game-sound-incorrect-organic-violin.mp3 */ = {isa = PBXFileReference; lastKnownFileType = audio.mp3; name = "351565__bertrof__game-sound-incorrect-organic-violin.mp3"; path = "../../test_grounds/test_grounds/351565__bertrof__game-sound-incorrect-organic-violin.mp3"; sourceTree = "<group>"; };
		8DAC25C02AC20D89000C6C04 /* StartMenuScene.swift */ = {isa = PBXFileReference; lastKnownFileType = sourcecode.swift; path = StartMenuScene.swift; sourceTree = "<group>"; };
		8DAC25C22AC20E2F000C6C04 /* StartMenuMethods.swift */ = {isa = PBXFileReference; lastKnownFileType = sourcecode.swift; path = StartMenuMethods.swift; sourceTree = "<group>"; };
		8DAC25C62AC21750000C6C04 /* AlphabeticGameScene.swift */ = {isa = PBXFileReference; lastKnownFileType = sourcecode.swift; path = AlphabeticGameScene.swift; sourceTree = "<group>"; };
		8DAC25C82AC21BCB000C6C04 /* GameSceneObjects.swift */ = {isa = PBXFileReference; lastKnownFileType = sourcecode.swift; path = GameSceneObjects.swift; sourceTree = "<group>"; };
		8DAC25CA2AC21E9E000C6C04 /* BezierPathsForMapNodesAndRectangles.swift */ = {isa = PBXFileReference; lastKnownFileType = sourcecode.swift; path = BezierPathsForMapNodesAndRectangles.swift; sourceTree = "<group>"; };
		8DAC25CC2AC228BE000C6C04 /* InitSetMapNodes.swift */ = {isa = PBXFileReference; lastKnownFileType = sourcecode.swift; path = InitSetMapNodes.swift; sourceTree = "<group>"; };
		8DAC25CE2AC230F7000C6C04 /* GameOverScene.swift */ = {isa = PBXFileReference; lastKnownFileType = sourcecode.swift; path = GameOverScene.swift; sourceTree = "<group>"; };
		8DAC25D02AC231D6000C6C04 /* GameOverObjects.swift */ = {isa = PBXFileReference; lastKnownFileType = sourcecode.swift; path = GameOverObjects.swift; sourceTree = "<group>"; };
		8DAC25D22AC3261C000C6C04 /* RandomGameScene.swift */ = {isa = PBXFileReference; lastKnownFileType = sourcecode.swift; path = RandomGameScene.swift; sourceTree = "<group>"; };
		8DAC25D42AC32888000C6C04 /* PracticeAlphabeticGameScene.swift */ = {isa = PBXFileReference; lastKnownFileType = sourcecode.swift; path = PracticeAlphabeticGameScene.swift; sourceTree = "<group>"; };
		8DAC25D62AC32AB8000C6C04 /* PracticeRandomGameScene.swift */ = {isa = PBXFileReference; lastKnownFileType = sourcecode.swift; path = PracticeRandomGameScene.swift; sourceTree = "<group>"; };
/* End PBXFileReference section */

/* Begin PBXFrameworksBuildPhase section */
		8D00A30B2ABCA56F00566008 /* Frameworks */ = {
			isa = PBXFrameworksBuildPhase;
			buildActionMask = 2147483647;
			files = (
			);
			runOnlyForDeploymentPostprocessing = 0;
		};
/* End PBXFrameworksBuildPhase section */

/* Begin PBXGroup section */
		8D00A3052ABCA56F00566008 = {
			isa = PBXGroup;
			children = (
				8D00A3102ABCA56F00566008 /* mapaclick */,
				8D00A30F2ABCA56F00566008 /* Products */,
			);
			sourceTree = "<group>";
		};
		8D00A30F2ABCA56F00566008 /* Products */ = {
			isa = PBXGroup;
			children = (
				8D00A30E2ABCA56F00566008 /* Mapaclick.app */,
			);
			name = Products;
			sourceTree = "<group>";
		};
		8D00A3102ABCA56F00566008 /* mapaclick */ = {
			isa = PBXGroup;
			children = (
				8D00A3112ABCA56F00566008 /* AppDelegate.swift */,
				8D00A3132ABCA56F00566008 /* SceneDelegate.swift */,
				8D00A3152ABCA56F00566008 /* ViewController.swift */,
				8D00A3172ABCA56F00566008 /* Main.storyboard */,
				8D00A31A2ABCA57100566008 /* Assets.xcassets */,
				8D00A31C2ABCA57100566008 /* LaunchScreen.storyboard */,
				8D00A31F2ABCA57100566008 /* Info.plist */,
				8DAC25B42AC2094E000C6C04 /* Guiton Sketch.mp3 */,
				8DAC25B62AC20966000C6C04 /* cartoon_success_fanfair 1.mp3 */,
				8DAC25B82AC2097B000C6C04 /* predited.mp3 */,
				8DAC25BA2AC20988000C6C04 /* 351566__bertrof__game-sound-correct-organic-violin.mp3 */,
				8DAC25BC2AC2099B000C6C04 /* 351565__bertrof__game-sound-incorrect-organic-violin.mp3 */,
				8DAC25C02AC20D89000C6C04 /* StartMenuScene.swift */,
				8DAC25C22AC20E2F000C6C04 /* StartMenuMethods.swift */,
				8DAC25C62AC21750000C6C04 /* AlphabeticGameScene.swift */,
				8DAC25C82AC21BCB000C6C04 /* GameSceneObjects.swift */,
				8DAC25CA2AC21E9E000C6C04 /* BezierPathsForMapNodesAndRectangles.swift */,
				8DAC25CC2AC228BE000C6C04 /* InitSetMapNodes.swift */,
				8DAC25CE2AC230F7000C6C04 /* GameOverScene.swift */,
				8DAC25D02AC231D6000C6C04 /* GameOverObjects.swift */,
				8DAC25D22AC3261C000C6C04 /* RandomGameScene.swift */,
				8DAC25D42AC32888000C6C04 /* PracticeAlphabeticGameScene.swift */,
				8DAC25D62AC32AB8000C6C04 /* PracticeRandomGameScene.swift */,
				8D1620252AC3480300823B5E /* Icons.xcassets */,
			);
			path = mapaclick;
			sourceTree = "<group>";
		};
/* End PBXGroup section */

/* Begin PBXNativeTarget section */
		8D00A30D2ABCA56F00566008 /* mapaclick */ = {
			isa = PBXNativeTarget;
			buildConfigurationList = 8D00A3222ABCA57100566008 /* Build configuration list for PBXNativeTarget "mapaclick" */;
			buildPhases = (
				8D00A30A2ABCA56F00566008 /* Sources */,
				8D00A30B2ABCA56F00566008 /* Frameworks */,
				8D00A30C2ABCA56F00566008 /* Resources */,
			);
			buildRules = (
			);
			dependencies = (
			);
			name = mapaclick;
			productName = mapaclick;
			productReference = 8D00A30E2ABCA56F00566008 /* Mapaclick.app */;
			productType = "com.apple.product-type.application";
		};
/* End PBXNativeTarget section */

/* Begin PBXProject section */
		8D00A3062ABCA56F00566008 /* Project object */ = {
			isa = PBXProject;
			attributes = {
				BuildIndependentTargetsInParallel = 1;
				LastSwiftUpdateCheck = 1500;
				LastUpgradeCheck = 1500;
				TargetAttributes = {
					8D00A30D2ABCA56F00566008 = {
						CreatedOnToolsVersion = 15.0;
					};
				};
			};
			buildConfigurationList = 8D00A3092ABCA56F00566008 /* Build configuration list for PBXProject "mapaclick" */;
			compatibilityVersion = "Xcode 14.0";
			developmentRegion = en;
			hasScannedForEncodings = 0;
			knownRegions = (
				en,
				Base,
			);
			mainGroup = 8D00A3052ABCA56F00566008;
			productRefGroup = 8D00A30F2ABCA56F00566008 /* Products */;
			projectDirPath = "";
			projectRoot = "";
			targets = (
				8D00A30D2ABCA56F00566008 /* mapaclick */,
			);
		};
/* End PBXProject section */

/* Begin PBXResourcesBuildPhase section */
		8D00A30C2ABCA56F00566008 /* Resources */ = {
			isa = PBXResourcesBuildPhase;
			buildActionMask = 2147483647;
			files = (
				8D00A31E2ABCA57100566008 /* LaunchScreen.storyboard in Resources */,
				8D1620262AC3480300823B5E /* Icons.xcassets in Resources */,
				8D00A31B2ABCA57100566008 /* Assets.xcassets in Resources */,
				8D00A3192ABCA56F00566008 /* Main.storyboard in Resources */,
				8DAC25BD2AC2099B000C6C04 /* 351565__bertrof__game-sound-incorrect-organic-violin.mp3 in Resources */,
				8DAC25BB2AC20988000C6C04 /* 351566__bertrof__game-sound-correct-organic-violin.mp3 in Resources */,
				8DAC25B72AC20966000C6C04 /* cartoon_success_fanfair 1.mp3 in Resources */,
				8DAC25B52AC2094E000C6C04 /* Guiton Sketch.mp3 in Resources */,
				8DAC25B92AC2097B000C6C04 /* predited.mp3 in Resources */,
			);
			runOnlyForDeploymentPostprocessing = 0;
		};
/* End PBXResourcesBuildPhase section */

/* Begin PBXSourcesBuildPhase section */
		8D00A30A2ABCA56F00566008 /* Sources */ = {
			isa = PBXSourcesBuildPhase;
			buildActionMask = 2147483647;
			files = (
				8DAC25D72AC32AB8000C6C04 /* PracticeRandomGameScene.swift in Sources */,
				8DAC25CF2AC230F7000C6C04 /* GameOverScene.swift in Sources */,
				8DAC25C12AC20D89000C6C04 /* StartMenuScene.swift in Sources */,
				8DAC25C32AC20E2F000C6C04 /* StartMenuMethods.swift in Sources */,
				8DAC25C92AC21BCB000C6C04 /* GameSceneObjects.swift in Sources */,
				8D00A3162ABCA56F00566008 /* ViewController.swift in Sources */,
				8DAC25D32AC3261C000C6C04 /* RandomGameScene.swift in Sources */,
				8DAC25D52AC32888000C6C04 /* PracticeAlphabeticGameScene.swift in Sources */,
				8DAC25C72AC21750000C6C04 /* AlphabeticGameScene.swift in Sources */,
				8D00A3122ABCA56F00566008 /* AppDelegate.swift in Sources */,
				8DAC25D12AC231D6000C6C04 /* GameOverObjects.swift in Sources */,
				8DAC25CD2AC228BE000C6C04 /* InitSetMapNodes.swift in Sources */,
				8DAC25CB2AC21E9E000C6C04 /* BezierPathsForMapNodesAndRectangles.swift in Sources */,
				8D00A3142ABCA56F00566008 /* SceneDelegate.swift in Sources */,
			);
			runOnlyForDeploymentPostprocessing = 0;
		};
/* End PBXSourcesBuildPhase section */

/* Begin PBXVariantGroup section */
		8D00A3172ABCA56F00566008 /* Main.storyboard */ = {
			isa = PBXVariantGroup;
			children = (
				8D00A3182ABCA56F00566008 /* Base */,
			);
			name = Main.storyboard;
			sourceTree = "<group>";
		};
		8D00A31C2ABCA57100566008 /* LaunchScreen.storyboard */ = {
			isa = PBXVariantGroup;
			children = (
				8D00A31D2ABCA57100566008 /* Base */,
			);
			name = LaunchScreen.storyboard;
			sourceTree = "<group>";
		};
/* End PBXVariantGroup section */

/* Begin XCBuildConfiguration section */
		8D00A3202ABCA57100566008 /* Debug */ = {
			isa = XCBuildConfiguration;
			buildSettings = {
				ALWAYS_SEARCH_USER_PATHS = NO;
				ASSETCATALOG_COMPILER_GENERATE_SWIFT_ASSET_SYMBOL_EXTENSIONS = YES;
				CLANG_ANALYZER_NONNULL = YES;
				CLANG_ANALYZER_NUMBER_OBJECT_CONVERSION = YES_AGGRESSIVE;
				CLANG_CXX_LANGUAGE_STANDARD = "gnu++20";
				CLANG_ENABLE_MODULES = YES;
				CLANG_ENABLE_OBJC_ARC = YES;
				CLANG_ENABLE_OBJC_WEAK = YES;
				CLANG_WARN_BLOCK_CAPTURE_AUTORELEASING = YES;
				CLANG_WARN_BOOL_CONVERSION = YES;
				CLANG_WARN_COMMA = YES;
				CLANG_WARN_CONSTANT_CONVERSION = YES;
				CLANG_WARN_DEPRECATED_OBJC_IMPLEMENTATIONS = YES;
				CLANG_WARN_DIRECT_OBJC_ISA_USAGE = YES_ERROR;
				CLANG_WARN_DOCUMENTATION_COMMENTS = YES;
				CLANG_WARN_EMPTY_BODY = YES;
				CLANG_WARN_ENUM_CONVERSION = YES;
				CLANG_WARN_INFINITE_RECURSION = YES;
				CLANG_WARN_INT_CONVERSION = YES;
				CLANG_WARN_NON_LITERAL_NULL_CONVERSION = YES;
				CLANG_WARN_OBJC_IMPLICIT_RETAIN_SELF = YES;
				CLANG_WARN_OBJC_LITERAL_CONVERSION = YES;
				CLANG_WARN_OBJC_ROOT_CLASS = YES_ERROR;
				CLANG_WARN_QUOTED_INCLUDE_IN_FRAMEWORK_HEADER = YES;
				CLANG_WARN_RANGE_LOOP_ANALYSIS = YES;
				CLANG_WARN_STRICT_PROTOTYPES = YES;
				CLANG_WARN_SUSPICIOUS_MOVE = YES;
				CLANG_WARN_UNGUARDED_AVAILABILITY = YES_AGGRESSIVE;
				CLANG_WARN_UNREACHABLE_CODE = YES;
				CLANG_WARN__DUPLICATE_METHOD_MATCH = YES;
				COPY_PHASE_STRIP = NO;
				DEBUG_INFORMATION_FORMAT = dwarf;
				ENABLE_STRICT_OBJC_MSGSEND = YES;
				ENABLE_TESTABILITY = YES;
				ENABLE_USER_SCRIPT_SANDBOXING = YES;
				GCC_C_LANGUAGE_STANDARD = gnu17;
				GCC_DYNAMIC_NO_PIC = NO;
				GCC_NO_COMMON_BLOCKS = YES;
				GCC_OPTIMIZATION_LEVEL = 0;
				GCC_PREPROCESSOR_DEFINITIONS = (
					"DEBUG=1",
					"$(inherited)",
				);
				GCC_WARN_64_TO_32_BIT_CONVERSION = YES;
				GCC_WARN_ABOUT_RETURN_TYPE = YES_ERROR;
				GCC_WARN_UNDECLARED_SELECTOR = YES;
				GCC_WARN_UNINITIALIZED_AUTOS = YES_AGGRESSIVE;
				GCC_WARN_UNUSED_FUNCTION = YES;
				GCC_WARN_UNUSED_VARIABLE = YES;
				IPHONEOS_DEPLOYMENT_TARGET = 17.0;
				LOCALIZATION_PREFERS_STRING_CATALOGS = YES;
				MTL_ENABLE_DEBUG_INFO = INCLUDE_SOURCE;
				MTL_FAST_MATH = YES;
				ONLY_ACTIVE_ARCH = YES;
				SDKROOT = iphoneos;
				SWIFT_ACTIVE_COMPILATION_CONDITIONS = "DEBUG $(inherited)";
				SWIFT_OPTIMIZATION_LEVEL = "-Onone";
			};
			name = Debug;
		};
		8D00A3212ABCA57100566008 /* Release */ = {
			isa = XCBuildConfiguration;
			buildSettings = {
				ALWAYS_SEARCH_USER_PATHS = NO;
				ASSETCATALOG_COMPILER_GENERATE_SWIFT_ASSET_SYMBOL_EXTENSIONS = YES;
				CLANG_ANALYZER_NONNULL = YES;
				CLANG_ANALYZER_NUMBER_OBJECT_CONVERSION = YES_AGGRESSIVE;
				CLANG_CXX_LANGUAGE_STANDARD = "gnu++20";
				CLANG_ENABLE_MODULES = YES;
				CLANG_ENABLE_OBJC_ARC = YES;
				CLANG_ENABLE_OBJC_WEAK = YES;
				CLANG_WARN_BLOCK_CAPTURE_AUTORELEASING = YES;
				CLANG_WARN_BOOL_CONVERSION = YES;
				CLANG_WARN_COMMA = YES;
				CLANG_WARN_CONSTANT_CONVERSION = YES;
				CLANG_WARN_DEPRECATED_OBJC_IMPLEMENTATIONS = YES;
				CLANG_WARN_DIRECT_OBJC_ISA_USAGE = YES_ERROR;
				CLANG_WARN_DOCUMENTATION_COMMENTS = YES;
				CLANG_WARN_EMPTY_BODY = YES;
				CLANG_WARN_ENUM_CONVERSION = YES;
				CLANG_WARN_INFINITE_RECURSION = YES;
				CLANG_WARN_INT_CONVERSION = YES;
				CLANG_WARN_NON_LITERAL_NULL_CONVERSION = YES;
				CLANG_WARN_OBJC_IMPLICIT_RETAIN_SELF = YES;
				CLANG_WARN_OBJC_LITERAL_CONVERSION = YES;
				CLANG_WARN_OBJC_ROOT_CLASS = YES_ERROR;
				CLANG_WARN_QUOTED_INCLUDE_IN_FRAMEWORK_HEADER = YES;
				CLANG_WARN_RANGE_LOOP_ANALYSIS = YES;
				CLANG_WARN_STRICT_PROTOTYPES = YES;
				CLANG_WARN_SUSPICIOUS_MOVE = YES;
				CLANG_WARN_UNGUARDED_AVAILABILITY = YES_AGGRESSIVE;
				CLANG_WARN_UNREACHABLE_CODE = YES;
				CLANG_WARN__DUPLICATE_METHOD_MATCH = YES;
				COPY_PHASE_STRIP = NO;
				DEBUG_INFORMATION_FORMAT = "dwarf-with-dsym";
				ENABLE_NS_ASSERTIONS = NO;
				ENABLE_STRICT_OBJC_MSGSEND = YES;
				ENABLE_USER_SCRIPT_SANDBOXING = YES;
				GCC_C_LANGUAGE_STANDARD = gnu17;
				GCC_NO_COMMON_BLOCKS = YES;
				GCC_WARN_64_TO_32_BIT_CONVERSION = YES;
				GCC_WARN_ABOUT_RETURN_TYPE = YES_ERROR;
				GCC_WARN_UNDECLARED_SELECTOR = YES;
				GCC_WARN_UNINITIALIZED_AUTOS = YES_AGGRESSIVE;
				GCC_WARN_UNUSED_FUNCTION = YES;
				GCC_WARN_UNUSED_VARIABLE = YES;
				IPHONEOS_DEPLOYMENT_TARGET = 17.0;
				LOCALIZATION_PREFERS_STRING_CATALOGS = YES;
				MTL_ENABLE_DEBUG_INFO = NO;
				MTL_FAST_MATH = YES;
				SDKROOT = iphoneos;
				SWIFT_COMPILATION_MODE = wholemodule;
				VALIDATE_PRODUCT = YES;
			};
			name = Release;
		};
		8D00A3232ABCA57100566008 /* Debug */ = {
			isa = XCBuildConfiguration;
			buildSettings = {
				ASSETCATALOG_COMPILER_APPICON_NAME = AppIcon;
				ASSETCATALOG_COMPILER_GLOBAL_ACCENT_COLOR_NAME = AccentColor;
				ASSETCATALOG_COMPILER_INCLUDE_ALL_APPICON_ASSETS = NO;
				CODE_SIGN_STYLE = Automatic;
				CURRENT_PROJECT_VERSION = 1;
				DEVELOPMENT_TEAM = M8F4MCKD3M;
				GENERATE_INFOPLIST_FILE = YES;
				INFOPLIST_FILE = mapaclick/Info.plist;
				INFOPLIST_KEY_UIApplicationSupportsIndirectInputEvents = YES;
				INFOPLIST_KEY_UILaunchStoryboardName = LaunchScreen;
				INFOPLIST_KEY_UIMainStoryboardFile = Main;
				INFOPLIST_KEY_UISupportedInterfaceOrientations = "UIInterfaceOrientationLandscapeRight UIInterfaceOrientationLandscapeLeft";
				IPHONEOS_DEPLOYMENT_TARGET = 15.0;
				LD_RUNPATH_SEARCH_PATHS = (
					"$(inherited)",
					"@executable_path/Frameworks",
				);
				MARKETING_VERSION = 1.0;
				PRODUCT_BUNDLE_IDENTIFIER = com.javierpizarro.mapaclick;
				PRODUCT_NAME = Mapaclick;
				SWIFT_EMIT_LOC_STRINGS = YES;
				SWIFT_VERSION = 5.0;
				TARGETED_DEVICE_FAMILY = "1,2";
			};
			name = Debug;
		};
		8D00A3242ABCA57100566008 /* Release */ = {
			isa = XCBuildConfiguration;
			buildSettings = {
				ASSETCATALOG_COMPILER_APPICON_NAME = AppIcon;
				ASSETCATALOG_COMPILER_GLOBAL_ACCENT_COLOR_NAME = AccentColor;
				ASSETCATALOG_COMPILER_INCLUDE_ALL_APPICON_ASSETS = NO;
				CODE_SIGN_STYLE = Automatic;
				CURRENT_PROJECT_VERSION = 1;
				DEVELOPMENT_TEAM = M8F4MCKD3M;
				GENERATE_INFOPLIST_FILE = YES;
				INFOPLIST_FILE = mapaclick/Info.plist;
				INFOPLIST_KEY_UIApplicationSupportsIndirectInputEvents = YES;
				INFOPLIST_KEY_UILaunchStoryboardName = LaunchScreen;
				INFOPLIST_KEY_UIMainStoryboardFile = Main;
				INFOPLIST_KEY_UISupportedInterfaceOrientations = "UIInterfaceOrientationLandscapeRight UIInterfaceOrientationLandscapeLeft";
				IPHONEOS_DEPLOYMENT_TARGET = 15.0;
				LD_RUNPATH_SEARCH_PATHS = (
					"$(inherited)",
					"@executable_path/Frameworks",
				);
				MARKETING_VERSION = 1.0;
				PRODUCT_BUNDLE_IDENTIFIER = com.javierpizarro.mapaclick;
				PRODUCT_NAME = Mapaclick;
				SWIFT_EMIT_LOC_STRINGS = YES;
				SWIFT_VERSION = 5.0;
				TARGETED_DEVICE_FAMILY = "1,2";
			};
			name = Release;
		};
/* End XCBuildConfiguration section */

/* Begin XCConfigurationList section */
		8D00A3092ABCA56F00566008 /* Build configuration list for PBXProject "mapaclick" */ = {
			isa = XCConfigurationList;
			buildConfigurations = (
				8D00A3202ABCA57100566008 /* Debug */,
				8D00A3212ABCA57100566008 /* Release */,
			);
			defaultConfigurationIsVisible = 0;
			defaultConfigurationName = Release;
		};
		8D00A3222ABCA57100566008 /* Build configuration list for PBXNativeTarget "mapaclick" */ = {
			isa = XCConfigurationList;
			buildConfigurations = (
				8D00A3232ABCA57100566008 /* Debug */,
				8D00A3242ABCA57100566008 /* Release */,
			);
			defaultConfigurationIsVisible = 0;
			defaultConfigurationName = Release;
		};
/* End XCConfigurationList section */
	};
	rootObject = 8D00A3062ABCA56F00566008 /* Project object */;
}
